// !$*UTF8*$!
{
	archiveVersion = 1;
	classes = {
	};
	objectVersion = 46;
	objects = {

/* Begin PBXBuildFile section */
		3078A797E95A313AD0367C73 /* libPods-ChatApp WatchKit Extension.a in Frameworks */ = {isa = PBXBuildFile; fileRef = 95932E25B3CDFBFCBAF8D840 /* libPods-ChatApp WatchKit Extension.a */; };
		A12834231B92BEE60030F2DF /* Interface.storyboard in Resources */ = {isa = PBXBuildFile; fileRef = A12834221B92BEE60030F2DF /* Interface.storyboard */; };
		A1537E301BBF3D8800790867 /* ConversationListInterfaceController.swift in Sources */ = {isa = PBXBuildFile; fileRef = A1537E2F1BBF3D8800790867 /* ConversationListInterfaceController.swift */; settings = {ASSET_TAGS = (); }; };
		A1537E321BBF404600790867 /* ConversationsTableRow.swift in Sources */ = {isa = PBXBuildFile; fileRef = A1537E311BBF404600790867 /* ConversationsTableRow.swift */; settings = {ASSET_TAGS = (); }; };
		A181C7B41BD9F86300C48459 /* ConversationsViewController.swift in Sources */ = {isa = PBXBuildFile; fileRef = A181C7B31BD9F86300C48459 /* ConversationsViewController.swift */; settings = {ASSET_TAGS = (); }; };
		A181C7B61BD9FDCB00C48459 /* ConversationsTableViewCell.swift in Sources */ = {isa = PBXBuildFile; fileRef = A181C7B51BD9FDCB00C48459 /* ConversationsTableViewCell.swift */; settings = {ASSET_TAGS = (); }; };
		A1A878F61B91C9EB00AD0941 /* ConversationInterfaceController.swift in Sources */ = {isa = PBXBuildFile; fileRef = A1A878F51B91C9EB00AD0941 /* ConversationInterfaceController.swift */; };
		A1A878F81B922CC600AD0941 /* EmotiveSelectInterfaceController.swift in Sources */ = {isa = PBXBuildFile; fileRef = A1A878F71B922CC600AD0941 /* EmotiveSelectInterfaceController.swift */; };
		A1AC3CB31B9A488C00F04EC2 /* SettingsViewController.swift in Sources */ = {isa = PBXBuildFile; fileRef = A1AC3CB21B9A488C00F04EC2 /* SettingsViewController.swift */; };
		A1AC3CB51B9A530C00F04EC2 /* FriendSearchViewController.swift in Sources */ = {isa = PBXBuildFile; fileRef = A1AC3CB41B9A530C00F04EC2 /* FriendSearchViewController.swift */; };
		A1AC3CB71B9A832000F04EC2 /* FriendsTableViewCell.swift in Sources */ = {isa = PBXBuildFile; fileRef = A1AC3CB61B9A832000F04EC2 /* FriendsTableViewCell.swift */; };
		A1B178FE1B914DA800372CB0 /* SignUpViewController.swift in Sources */ = {isa = PBXBuildFile; fileRef = A1B178FD1B914DA800372CB0 /* SignUpViewController.swift */; };
		A1B179001B9161E700372CB0 /* FriendsTableRow.swift in Sources */ = {isa = PBXBuildFile; fileRef = A1B178FF1B9161E700372CB0 /* FriendsTableRow.swift */; };
		A1BA98451BDA2C080090F4DB /* TabBarViewController.swift in Sources */ = {isa = PBXBuildFile; fileRef = A1BA98441BDA2C080090F4DB /* TabBarViewController.swift */; settings = {ASSET_TAGS = (); }; };
		A1C4A0891BA4E5C9001DF3E3 /* AddFriendViewController.swift in Sources */ = {isa = PBXBuildFile; fileRef = A1C4A0881BA4E5C9001DF3E3 /* AddFriendViewController.swift */; };
		A1C4A08B1BA4E9B6001DF3E3 /* AddFriendTableViewCell.swift in Sources */ = {isa = PBXBuildFile; fileRef = A1C4A08A1BA4E9B6001DF3E3 /* AddFriendTableViewCell.swift */; };
		B70FA7E51B96B33E009867E5 /* CredentialStore.swift in Sources */ = {isa = PBXBuildFile; fileRef = B70FA7E41B96B33E009867E5 /* CredentialStore.swift */; };
		B726FF7A1BB011B50030307D /* Pods-ChatApp.debug.xcconfig in Resources */ = {isa = PBXBuildFile; fileRef = B726FF781BB011B50030307D /* Pods-ChatApp.debug.xcconfig */; };
		B726FF7B1BB011B50030307D /* Pods-ChatApp.release.xcconfig in Resources */ = {isa = PBXBuildFile; fileRef = B726FF791BB011B50030307D /* Pods-ChatApp.release.xcconfig */; };
		B726FFA01BB1EFFC0030307D /* User.swift in Sources */ = {isa = PBXBuildFile; fileRef = B77C12991B942CDF00FA33F1 /* User.swift */; };
		B726FFA11BB1EFFC0030307D /* UserDefaults.swift in Sources */ = {isa = PBXBuildFile; fileRef = B73E67E11BA9303500AF8D5F /* UserDefaults.swift */; };
		B726FFA21BB1EFFC0030307D /* NetworkingManager.swift in Sources */ = {isa = PBXBuildFile; fileRef = B77C129C1B95048A00FA33F1 /* NetworkingManager.swift */; };
		B726FFA31BB1EFFC0030307D /* CredentialStore.swift in Sources */ = {isa = PBXBuildFile; fileRef = B70FA7E41B96B33E009867E5 /* CredentialStore.swift */; };
		B73E67E21BA9303500AF8D5F /* UserDefaults.swift in Sources */ = {isa = PBXBuildFile; fileRef = B73E67E11BA9303500AF8D5F /* UserDefaults.swift */; };
		B7431B871BC8794200BD20F2 /* NewMessageInterfaceController.swift in Sources */ = {isa = PBXBuildFile; fileRef = B7431B861BC8794200BD20F2 /* NewMessageInterfaceController.swift */; settings = {ASSET_TAGS = (); }; };
		B7431B891BC89F1300BD20F2 /* WooListInterfaceController.swift in Sources */ = {isa = PBXBuildFile; fileRef = B7431B881BC89F1300BD20F2 /* WooListInterfaceController.swift */; settings = {ASSET_TAGS = (); }; };
		B7431B8B1BC8BDFE00BD20F2 /* WooListTableRow.swift in Sources */ = {isa = PBXBuildFile; fileRef = B7431B8A1BC8BDFE00BD20F2 /* WooListTableRow.swift */; settings = {ASSET_TAGS = (); }; };
		B74DF7871BAE22BF00A3998D /* InterfaceController.swift in Sources */ = {isa = PBXBuildFile; fileRef = B74DF7861BAE22BF00A3998D /* InterfaceController.swift */; };
		B76DED521BB8BDF3002F53D5 /* Conversation.swift in Sources */ = {isa = PBXBuildFile; fileRef = B76DED511BB8BDF3002F53D5 /* Conversation.swift */; settings = {ASSET_TAGS = (); }; };
		B76DED531BB8BDF3002F53D5 /* Conversation.swift in Sources */ = {isa = PBXBuildFile; fileRef = B76DED511BB8BDF3002F53D5 /* Conversation.swift */; settings = {ASSET_TAGS = (); }; };
		B76DED551BB8BFC2002F53D5 /* Message.swift in Sources */ = {isa = PBXBuildFile; fileRef = B76DED541BB8BFC2002F53D5 /* Message.swift */; settings = {ASSET_TAGS = (); }; };
		B76DED561BB8BFC2002F53D5 /* Message.swift in Sources */ = {isa = PBXBuildFile; fileRef = B76DED541BB8BFC2002F53D5 /* Message.swift */; settings = {ASSET_TAGS = (); }; };
		B76DED581BB8C103002F53D5 /* Woo.swift in Sources */ = {isa = PBXBuildFile; fileRef = B76DED571BB8C103002F53D5 /* Woo.swift */; settings = {ASSET_TAGS = (); }; };
		B76DED591BB8C103002F53D5 /* Woo.swift in Sources */ = {isa = PBXBuildFile; fileRef = B76DED571BB8C103002F53D5 /* Woo.swift */; settings = {ASSET_TAGS = (); }; };
		B77C129A1B942CDF00FA33F1 /* User.swift in Sources */ = {isa = PBXBuildFile; fileRef = B77C12991B942CDF00FA33F1 /* User.swift */; };
		B77C129D1B95048A00FA33F1 /* NetworkingManager.swift in Sources */ = {isa = PBXBuildFile; fileRef = B77C129C1B95048A00FA33F1 /* NetworkingManager.swift */; };
		B7CCF9391B8E7F6B004DE54A /* AppDelegate.swift in Sources */ = {isa = PBXBuildFile; fileRef = B7CCF9381B8E7F6B004DE54A /* AppDelegate.swift */; };
		B7CCF93B1B8E7F6B004DE54A /* LoginViewController.swift in Sources */ = {isa = PBXBuildFile; fileRef = B7CCF93A1B8E7F6B004DE54A /* LoginViewController.swift */; };
		B7CCF93E1B8E7F6B004DE54A /* Main.storyboard in Resources */ = {isa = PBXBuildFile; fileRef = B7CCF93C1B8E7F6B004DE54A /* Main.storyboard */; };
		B7CCF9401B8E7F6B004DE54A /* Assets.xcassets in Resources */ = {isa = PBXBuildFile; fileRef = B7CCF93F1B8E7F6B004DE54A /* Assets.xcassets */; };
		B7CCF9431B8E7F6B004DE54A /* LaunchScreen.storyboard in Resources */ = {isa = PBXBuildFile; fileRef = B7CCF9411B8E7F6B004DE54A /* LaunchScreen.storyboard */; };
		B7CCF9481B8E7F6B004DE54A /* ChatApp WatchKit App.app in Embed Watch Content */ = {isa = PBXBuildFile; fileRef = B7CCF9471B8E7F6B004DE54A /* ChatApp WatchKit App.app */; };
		B7CCF9501B8E7F6B004DE54A /* Assets.xcassets in Resources */ = {isa = PBXBuildFile; fileRef = B7CCF94F1B8E7F6B004DE54A /* Assets.xcassets */; };
		B7CCF9571B8E7F6B004DE54A /* ChatApp WatchKit Extension.appex in Embed App Extensions */ = {isa = PBXBuildFile; fileRef = B7CCF9561B8E7F6B004DE54A /* ChatApp WatchKit Extension.appex */; settings = {ATTRIBUTES = (RemoveHeadersOnCopy, ); }; };
		B7CCF95C1B8E7F6B004DE54A /* FriendsListInterfaceController.swift in Sources */ = {isa = PBXBuildFile; fileRef = B7CCF95B1B8E7F6B004DE54A /* FriendsListInterfaceController.swift */; };
		B7CCF95E1B8E7F6B004DE54A /* ExtensionDelegate.swift in Sources */ = {isa = PBXBuildFile; fileRef = B7CCF95D1B8E7F6B004DE54A /* ExtensionDelegate.swift */; };
		B7CCF9601B8E7F6B004DE54A /* Assets.xcassets in Resources */ = {isa = PBXBuildFile; fileRef = B7CCF95F1B8E7F6B004DE54A /* Assets.xcassets */; };
		B7FE89171BD86F97005B9401 /* MessagesTableRow.swift in Sources */ = {isa = PBXBuildFile; fileRef = B7FE89161BD86F97005B9401 /* MessagesTableRow.swift */; settings = {ASSET_TAGS = (); }; };
		BDAC3D2B12380A20FE3F1E3D /* libPods-ChatApp.a in Frameworks */ = {isa = PBXBuildFile; fileRef = D786A70DD086453422BD95AF /* libPods-ChatApp.a */; };
/* End PBXBuildFile section */

/* Begin PBXContainerItemProxy section */
		B7CCF9491B8E7F6B004DE54A /* PBXContainerItemProxy */ = {
			isa = PBXContainerItemProxy;
			containerPortal = B7CCF92D1B8E7F6B004DE54A /* Project object */;
			proxyType = 1;
			remoteGlobalIDString = B7CCF9461B8E7F6B004DE54A;
			remoteInfo = "ChatApp WatchKit App";
		};
		B7CCF9581B8E7F6B004DE54A /* PBXContainerItemProxy */ = {
			isa = PBXContainerItemProxy;
			containerPortal = B7CCF92D1B8E7F6B004DE54A /* Project object */;
			proxyType = 1;
			remoteGlobalIDString = B7CCF9551B8E7F6B004DE54A;
			remoteInfo = "ChatApp WatchKit Extension";
		};
/* End PBXContainerItemProxy section */

/* Begin PBXCopyFilesBuildPhase section */
		B7CCF9671B8E7F6B004DE54A /* Embed App Extensions */ = {
			isa = PBXCopyFilesBuildPhase;
			buildActionMask = 2147483647;
			dstPath = "";
			dstSubfolderSpec = 13;
			files = (
				B7CCF9571B8E7F6B004DE54A /* ChatApp WatchKit Extension.appex in Embed App Extensions */,
			);
			name = "Embed App Extensions";
			runOnlyForDeploymentPostprocessing = 0;
		};
		B7CCF96B1B8E7F6B004DE54A /* Embed Watch Content */ = {
			isa = PBXCopyFilesBuildPhase;
			buildActionMask = 2147483647;
			dstPath = "$(CONTENTS_FOLDER_PATH)/Watch";
			dstSubfolderSpec = 16;
			files = (
				B7CCF9481B8E7F6B004DE54A /* ChatApp WatchKit App.app in Embed Watch Content */,
			);
			name = "Embed Watch Content";
			runOnlyForDeploymentPostprocessing = 0;
		};
/* End PBXCopyFilesBuildPhase section */

/* Begin PBXFileReference section */
		7808230908BCFDEDC5FFBCAD /* Pods-ChatApp WatchKit Extension.debug.xcconfig */ = {isa = PBXFileReference; includeInIndex = 1; lastKnownFileType = text.xcconfig; name = "Pods-ChatApp WatchKit Extension.debug.xcconfig"; path = "Pods/Target Support Files/Pods-ChatApp WatchKit Extension/Pods-ChatApp WatchKit Extension.debug.xcconfig"; sourceTree = "<group>"; };
		94D61645A74D222B5754205F /* libPods.a */ = {isa = PBXFileReference; explicitFileType = archive.ar; includeInIndex = 0; path = libPods.a; sourceTree = BUILT_PRODUCTS_DIR; };
		95932E25B3CDFBFCBAF8D840 /* libPods-ChatApp WatchKit Extension.a */ = {isa = PBXFileReference; explicitFileType = archive.ar; includeInIndex = 0; path = "libPods-ChatApp WatchKit Extension.a"; sourceTree = BUILT_PRODUCTS_DIR; };
		A12834221B92BEE60030F2DF /* Interface.storyboard */ = {isa = PBXFileReference; fileEncoding = 4; lastKnownFileType = file.storyboard; path = Interface.storyboard; sourceTree = "<group>"; };
		A1537E2F1BBF3D8800790867 /* ConversationListInterfaceController.swift */ = {isa = PBXFileReference; fileEncoding = 4; lastKnownFileType = sourcecode.swift; path = ConversationListInterfaceController.swift; sourceTree = "<group>"; };
		A1537E311BBF404600790867 /* ConversationsTableRow.swift */ = {isa = PBXFileReference; fileEncoding = 4; lastKnownFileType = sourcecode.swift; path = ConversationsTableRow.swift; sourceTree = "<group>"; };
		A181C7B31BD9F86300C48459 /* ConversationsViewController.swift */ = {isa = PBXFileReference; fileEncoding = 4; lastKnownFileType = sourcecode.swift; path = ConversationsViewController.swift; sourceTree = "<group>"; };
		A181C7B51BD9FDCB00C48459 /* ConversationsTableViewCell.swift */ = {isa = PBXFileReference; fileEncoding = 4; lastKnownFileType = sourcecode.swift; path = ConversationsTableViewCell.swift; sourceTree = "<group>"; };
		A1A878F51B91C9EB00AD0941 /* ConversationInterfaceController.swift */ = {isa = PBXFileReference; fileEncoding = 4; lastKnownFileType = sourcecode.swift; path = ConversationInterfaceController.swift; sourceTree = "<group>"; };
		A1A878F71B922CC600AD0941 /* EmotiveSelectInterfaceController.swift */ = {isa = PBXFileReference; fileEncoding = 4; lastKnownFileType = sourcecode.swift; path = EmotiveSelectInterfaceController.swift; sourceTree = "<group>"; };
		A1AC3CB21B9A488C00F04EC2 /* SettingsViewController.swift */ = {isa = PBXFileReference; fileEncoding = 4; lastKnownFileType = sourcecode.swift; path = SettingsViewController.swift; sourceTree = "<group>"; };
		A1AC3CB41B9A530C00F04EC2 /* FriendSearchViewController.swift */ = {isa = PBXFileReference; fileEncoding = 4; lastKnownFileType = sourcecode.swift; path = FriendSearchViewController.swift; sourceTree = "<group>"; };
		A1AC3CB61B9A832000F04EC2 /* FriendsTableViewCell.swift */ = {isa = PBXFileReference; fileEncoding = 4; lastKnownFileType = sourcecode.swift; path = FriendsTableViewCell.swift; sourceTree = "<group>"; };
		A1B178FD1B914DA800372CB0 /* SignUpViewController.swift */ = {isa = PBXFileReference; fileEncoding = 4; lastKnownFileType = sourcecode.swift; path = SignUpViewController.swift; sourceTree = "<group>"; };
		A1B178FF1B9161E700372CB0 /* FriendsTableRow.swift */ = {isa = PBXFileReference; fileEncoding = 4; lastKnownFileType = sourcecode.swift; path = FriendsTableRow.swift; sourceTree = "<group>"; };
		A1BA98441BDA2C080090F4DB /* TabBarViewController.swift */ = {isa = PBXFileReference; fileEncoding = 4; lastKnownFileType = sourcecode.swift; path = TabBarViewController.swift; sourceTree = "<group>"; };
		A1C4A0881BA4E5C9001DF3E3 /* AddFriendViewController.swift */ = {isa = PBXFileReference; fileEncoding = 4; lastKnownFileType = sourcecode.swift; path = AddFriendViewController.swift; sourceTree = "<group>"; };
		A1C4A08A1BA4E9B6001DF3E3 /* AddFriendTableViewCell.swift */ = {isa = PBXFileReference; fileEncoding = 4; lastKnownFileType = sourcecode.swift; path = AddFriendTableViewCell.swift; sourceTree = "<group>"; };
		B70FA7E41B96B33E009867E5 /* CredentialStore.swift */ = {isa = PBXFileReference; fileEncoding = 4; lastKnownFileType = sourcecode.swift; path = CredentialStore.swift; sourceTree = "<group>"; };
		B726FF781BB011B50030307D /* Pods-ChatApp.debug.xcconfig */ = {isa = PBXFileReference; fileEncoding = 4; lastKnownFileType = text.xcconfig; name = "Pods-ChatApp.debug.xcconfig"; path = "Pods/Target Support Files/Pods-ChatApp/Pods-ChatApp.debug.xcconfig"; sourceTree = "<group>"; };
		B726FF791BB011B50030307D /* Pods-ChatApp.release.xcconfig */ = {isa = PBXFileReference; fileEncoding = 4; lastKnownFileType = text.xcconfig; name = "Pods-ChatApp.release.xcconfig"; path = "Pods/Target Support Files/Pods-ChatApp/Pods-ChatApp.release.xcconfig"; sourceTree = "<group>"; };
		B73E67E11BA9303500AF8D5F /* UserDefaults.swift */ = {isa = PBXFileReference; fileEncoding = 4; lastKnownFileType = sourcecode.swift; path = UserDefaults.swift; sourceTree = "<group>"; };
		B740059E1B901B4B00565B02 /* ChatApp-Bridging-Header.h */ = {isa = PBXFileReference; lastKnownFileType = sourcecode.c.h; path = "ChatApp-Bridging-Header.h"; sourceTree = SOURCE_ROOT; };
		B74005A41B901E2100565B02 /* FBSDKCoreKit.framework */ = {isa = PBXFileReference; lastKnownFileType = wrapper.framework; path = FBSDKCoreKit.framework; sourceTree = "<group>"; };
		B74005A51B901E2100565B02 /* FBSDKLoginKit.framework */ = {isa = PBXFileReference; lastKnownFileType = wrapper.framework; path = FBSDKLoginKit.framework; sourceTree = "<group>"; };
		B74005A61B901E2100565B02 /* FBSDKShareKit.framework */ = {isa = PBXFileReference; lastKnownFileType = wrapper.framework; path = FBSDKShareKit.framework; sourceTree = "<group>"; };
		B7431B861BC8794200BD20F2 /* NewMessageInterfaceController.swift */ = {isa = PBXFileReference; fileEncoding = 4; lastKnownFileType = sourcecode.swift; path = NewMessageInterfaceController.swift; sourceTree = "<group>"; };
		B7431B881BC89F1300BD20F2 /* WooListInterfaceController.swift */ = {isa = PBXFileReference; fileEncoding = 4; lastKnownFileType = sourcecode.swift; path = WooListInterfaceController.swift; sourceTree = "<group>"; };
		B7431B8A1BC8BDFE00BD20F2 /* WooListTableRow.swift */ = {isa = PBXFileReference; fileEncoding = 4; lastKnownFileType = sourcecode.swift; path = WooListTableRow.swift; sourceTree = "<group>"; };
		B74DF7861BAE22BF00A3998D /* InterfaceController.swift */ = {isa = PBXFileReference; fileEncoding = 4; lastKnownFileType = sourcecode.swift; path = InterfaceController.swift; sourceTree = "<group>"; };
		B76DED3C1BB29294002F53D5 /* libPods-ChatApp WatchKit Extension-AFNetworking.a */ = {isa = PBXFileReference; lastKnownFileType = archive.ar; name = "libPods-ChatApp WatchKit Extension-AFNetworking.a"; path = "Pods/../build/Debug-watchos/libPods-ChatApp WatchKit Extension-AFNetworking.a"; sourceTree = "<group>"; };
		B76DED3D1BB29294002F53D5 /* libPods-ChatApp WatchKit Extension-SSKeychain.a */ = {isa = PBXFileReference; lastKnownFileType = archive.ar; name = "libPods-ChatApp WatchKit Extension-SSKeychain.a"; path = "Pods/../build/Debug-watchos/libPods-ChatApp WatchKit Extension-SSKeychain.a"; sourceTree = "<group>"; };
		B76DED401BB2950A002F53D5 /* ChatApp-Watch-Extension-Bridging-Header.h */ = {isa = PBXFileReference; lastKnownFileType = sourcecode.c.h; path = "ChatApp-Watch-Extension-Bridging-Header.h"; sourceTree = "<group>"; };
		B76DED511BB8BDF3002F53D5 /* Conversation.swift */ = {isa = PBXFileReference; fileEncoding = 4; lastKnownFileType = sourcecode.swift; path = Conversation.swift; sourceTree = "<group>"; };
		B76DED541BB8BFC2002F53D5 /* Message.swift */ = {isa = PBXFileReference; fileEncoding = 4; lastKnownFileType = sourcecode.swift; path = Message.swift; sourceTree = "<group>"; };
		B76DED571BB8C103002F53D5 /* Woo.swift */ = {isa = PBXFileReference; fileEncoding = 4; lastKnownFileType = sourcecode.swift; path = Woo.swift; sourceTree = "<group>"; };
		B77C12991B942CDF00FA33F1 /* User.swift */ = {isa = PBXFileReference; fileEncoding = 4; lastKnownFileType = sourcecode.swift; path = User.swift; sourceTree = "<group>"; };
		B77C129C1B95048A00FA33F1 /* NetworkingManager.swift */ = {isa = PBXFileReference; fileEncoding = 4; lastKnownFileType = sourcecode.swift; path = NetworkingManager.swift; sourceTree = "<group>"; };
		B7CCF9351B8E7F6B004DE54A /* ChatApp.app */ = {isa = PBXFileReference; explicitFileType = wrapper.application; includeInIndex = 0; path = ChatApp.app; sourceTree = BUILT_PRODUCTS_DIR; };
		B7CCF9381B8E7F6B004DE54A /* AppDelegate.swift */ = {isa = PBXFileReference; lastKnownFileType = sourcecode.swift; path = AppDelegate.swift; sourceTree = "<group>"; };
		B7CCF93A1B8E7F6B004DE54A /* LoginViewController.swift */ = {isa = PBXFileReference; lastKnownFileType = sourcecode.swift; path = LoginViewController.swift; sourceTree = "<group>"; };
		B7CCF93D1B8E7F6B004DE54A /* Base */ = {isa = PBXFileReference; lastKnownFileType = file.storyboard; name = Base; path = Base.lproj/Main.storyboard; sourceTree = "<group>"; };
		B7CCF93F1B8E7F6B004DE54A /* Assets.xcassets */ = {isa = PBXFileReference; lastKnownFileType = folder.assetcatalog; path = Assets.xcassets; sourceTree = "<group>"; };
		B7CCF9421B8E7F6B004DE54A /* Base */ = {isa = PBXFileReference; lastKnownFileType = file.storyboard; name = Base; path = Base.lproj/LaunchScreen.storyboard; sourceTree = "<group>"; };
		B7CCF9441B8E7F6B004DE54A /* Info.plist */ = {isa = PBXFileReference; lastKnownFileType = text.plist.xml; path = Info.plist; sourceTree = "<group>"; };
		B7CCF9471B8E7F6B004DE54A /* ChatApp WatchKit App.app */ = {isa = PBXFileReference; explicitFileType = wrapper.application; includeInIndex = 0; path = "ChatApp WatchKit App.app"; sourceTree = BUILT_PRODUCTS_DIR; };
		B7CCF94F1B8E7F6B004DE54A /* Assets.xcassets */ = {isa = PBXFileReference; lastKnownFileType = folder.assetcatalog; path = Assets.xcassets; sourceTree = "<group>"; };
		B7CCF9511B8E7F6B004DE54A /* Info.plist */ = {isa = PBXFileReference; lastKnownFileType = text.plist.xml; path = Info.plist; sourceTree = "<group>"; };
		B7CCF9561B8E7F6B004DE54A /* ChatApp WatchKit Extension.appex */ = {isa = PBXFileReference; explicitFileType = "wrapper.app-extension"; includeInIndex = 0; path = "ChatApp WatchKit Extension.appex"; sourceTree = BUILT_PRODUCTS_DIR; };
		B7CCF95B1B8E7F6B004DE54A /* FriendsListInterfaceController.swift */ = {isa = PBXFileReference; lastKnownFileType = sourcecode.swift; path = FriendsListInterfaceController.swift; sourceTree = "<group>"; };
		B7CCF95D1B8E7F6B004DE54A /* ExtensionDelegate.swift */ = {isa = PBXFileReference; lastKnownFileType = sourcecode.swift; path = ExtensionDelegate.swift; sourceTree = "<group>"; };
		B7CCF95F1B8E7F6B004DE54A /* Assets.xcassets */ = {isa = PBXFileReference; lastKnownFileType = folder.assetcatalog; path = Assets.xcassets; sourceTree = "<group>"; };
		B7CCF9611B8E7F6B004DE54A /* Info.plist */ = {isa = PBXFileReference; lastKnownFileType = text.plist.xml; path = Info.plist; sourceTree = "<group>"; };
		B7FE89161BD86F97005B9401 /* MessagesTableRow.swift */ = {isa = PBXFileReference; fileEncoding = 4; lastKnownFileType = sourcecode.swift; path = MessagesTableRow.swift; sourceTree = "<group>"; };
		D786A70DD086453422BD95AF /* libPods-ChatApp.a */ = {isa = PBXFileReference; explicitFileType = archive.ar; includeInIndex = 0; path = "libPods-ChatApp.a"; sourceTree = BUILT_PRODUCTS_DIR; };
		F1F27C84D28A83C57107BEF7 /* Pods-ChatApp WatchKit Extension.release.xcconfig */ = {isa = PBXFileReference; includeInIndex = 1; lastKnownFileType = text.xcconfig; name = "Pods-ChatApp WatchKit Extension.release.xcconfig"; path = "Pods/Target Support Files/Pods-ChatApp WatchKit Extension/Pods-ChatApp WatchKit Extension.release.xcconfig"; sourceTree = "<group>"; };
/* End PBXFileReference section */

/* Begin PBXFrameworksBuildPhase section */
		B7CCF9321B8E7F6B004DE54A /* Frameworks */ = {
			isa = PBXFrameworksBuildPhase;
			buildActionMask = 2147483647;
			files = (
				BDAC3D2B12380A20FE3F1E3D /* libPods-ChatApp.a in Frameworks */,
			);
			runOnlyForDeploymentPostprocessing = 0;
		};
		B7CCF9531B8E7F6B004DE54A /* Frameworks */ = {
			isa = PBXFrameworksBuildPhase;
			buildActionMask = 2147483647;
			files = (
				3078A797E95A313AD0367C73 /* libPods-ChatApp WatchKit Extension.a in Frameworks */,
			);
			runOnlyForDeploymentPostprocessing = 0;
		};
/* End PBXFrameworksBuildPhase section */

/* Begin PBXGroup section */
		0F3D940CEE499F7A64FA40B4 /* Pods */ = {
			isa = PBXGroup;
			children = (
				B726FF781BB011B50030307D /* Pods-ChatApp.debug.xcconfig */,
				B726FF791BB011B50030307D /* Pods-ChatApp.release.xcconfig */,
				7808230908BCFDEDC5FFBCAD /* Pods-ChatApp WatchKit Extension.debug.xcconfig */,
				F1F27C84D28A83C57107BEF7 /* Pods-ChatApp WatchKit Extension.release.xcconfig */,
			);
			name = Pods;
			sourceTree = "<group>";
		};
		B74005A31B901D5800565B02 /* Frameworks */ = {
			isa = PBXGroup;
			children = (
				B76DED3C1BB29294002F53D5 /* libPods-ChatApp WatchKit Extension-AFNetworking.a */,
				B76DED3D1BB29294002F53D5 /* libPods-ChatApp WatchKit Extension-SSKeychain.a */,
				B74005A41B901E2100565B02 /* FBSDKCoreKit.framework */,
				B74005A51B901E2100565B02 /* FBSDKLoginKit.framework */,
				B74005A61B901E2100565B02 /* FBSDKShareKit.framework */,
				94D61645A74D222B5754205F /* libPods.a */,
				D786A70DD086453422BD95AF /* libPods-ChatApp.a */,
				95932E25B3CDFBFCBAF8D840 /* libPods-ChatApp WatchKit Extension.a */,
			);
			name = Frameworks;
			sourceTree = "<group>";
		};
		B7431B831BC757D600BD20F2 /* TableRowTypes */ = {
			isa = PBXGroup;
			children = (
				A1B178FF1B9161E700372CB0 /* FriendsTableRow.swift */,
				A1537E311BBF404600790867 /* ConversationsTableRow.swift */,
				B7FE89161BD86F97005B9401 /* MessagesTableRow.swift */,
				B7431B8A1BC8BDFE00BD20F2 /* WooListTableRow.swift */,
			);
			name = TableRowTypes;
			sourceTree = "<group>";
		};
		B74DF7891BAE2EB900A3998D /* InterfaceControllers */ = {
			isa = PBXGroup;
			children = (
				B74DF7861BAE22BF00A3998D /* InterfaceController.swift */,
				B7CCF95B1B8E7F6B004DE54A /* FriendsListInterfaceController.swift */,
				A1537E2F1BBF3D8800790867 /* ConversationListInterfaceController.swift */,
				B7431B861BC8794200BD20F2 /* NewMessageInterfaceController.swift */,
				A1A878F51B91C9EB00AD0941 /* ConversationInterfaceController.swift */,
				A1A878F71B922CC600AD0941 /* EmotiveSelectInterfaceController.swift */,
				B7431B881BC89F1300BD20F2 /* WooListInterfaceController.swift */,
			);
			name = InterfaceControllers;
			sourceTree = "<group>";
		};
		B77C12981B942CA900FA33F1 /* ViewControllers */ = {
			isa = PBXGroup;
			children = (
				B7CCF93A1B8E7F6B004DE54A /* LoginViewController.swift */,
				A1B178FD1B914DA800372CB0 /* SignUpViewController.swift */,
				A1AC3CB21B9A488C00F04EC2 /* SettingsViewController.swift */,
				A1AC3CB41B9A530C00F04EC2 /* FriendSearchViewController.swift */,
				A1AC3CB61B9A832000F04EC2 /* FriendsTableViewCell.swift */,
				A1C4A0881BA4E5C9001DF3E3 /* AddFriendViewController.swift */,
				A1C4A08A1BA4E9B6001DF3E3 /* AddFriendTableViewCell.swift */,
				A181C7B31BD9F86300C48459 /* ConversationsViewController.swift */,
				A181C7B51BD9FDCB00C48459 /* ConversationsTableViewCell.swift */,
				A1BA98441BDA2C080090F4DB /* TabBarViewController.swift */,
			);
			name = ViewControllers;
			sourceTree = "<group>";
		};
		B77C129B1B942CE700FA33F1 /* Models */ = {
			isa = PBXGroup;
			children = (
				B77C12991B942CDF00FA33F1 /* User.swift */,
				B76DED511BB8BDF3002F53D5 /* Conversation.swift */,
				B76DED541BB8BFC2002F53D5 /* Message.swift */,
				B76DED571BB8C103002F53D5 /* Woo.swift */,
				B73E67E11BA9303500AF8D5F /* UserDefaults.swift */,
				B77C129C1B95048A00FA33F1 /* NetworkingManager.swift */,
				B70FA7E41B96B33E009867E5 /* CredentialStore.swift */,
			);
			name = Models;
			sourceTree = "<group>";
		};
		B7CCF92C1B8E7F6B004DE54A = {
			isa = PBXGroup;
			children = (
				B740059E1B901B4B00565B02 /* ChatApp-Bridging-Header.h */,
				B76DED401BB2950A002F53D5 /* ChatApp-Watch-Extension-Bridging-Header.h */,
				B74005A31B901D5800565B02 /* Frameworks */,
				B7CCF9371B8E7F6B004DE54A /* ChatApp */,
				B7CCF94B1B8E7F6B004DE54A /* ChatApp WatchKit App */,
				B7CCF95A1B8E7F6B004DE54A /* ChatApp WatchKit Extension */,
				B7CCF9361B8E7F6B004DE54A /* Products */,
				0F3D940CEE499F7A64FA40B4 /* Pods */,
			);
			sourceTree = "<group>";
		};
		B7CCF9361B8E7F6B004DE54A /* Products */ = {
			isa = PBXGroup;
			children = (
				B7CCF9351B8E7F6B004DE54A /* ChatApp.app */,
				B7CCF9471B8E7F6B004DE54A /* ChatApp WatchKit App.app */,
				B7CCF9561B8E7F6B004DE54A /* ChatApp WatchKit Extension.appex */,
			);
			name = Products;
			sourceTree = "<group>";
		};
		B7CCF9371B8E7F6B004DE54A /* ChatApp */ = {
			isa = PBXGroup;
			children = (
				B7CCF9381B8E7F6B004DE54A /* AppDelegate.swift */,
				B77C129B1B942CE700FA33F1 /* Models */,
				B77C12981B942CA900FA33F1 /* ViewControllers */,
				B7CCF93C1B8E7F6B004DE54A /* Main.storyboard */,
				B7CCF93F1B8E7F6B004DE54A /* Assets.xcassets */,
				B7CCF9411B8E7F6B004DE54A /* LaunchScreen.storyboard */,
				B7CCF9441B8E7F6B004DE54A /* Info.plist */,
			);
			path = ChatApp;
			sourceTree = "<group>";
		};
		B7CCF94B1B8E7F6B004DE54A /* ChatApp WatchKit App */ = {
			isa = PBXGroup;
			children = (
				A12834221B92BEE60030F2DF /* Interface.storyboard */,
				B7CCF94F1B8E7F6B004DE54A /* Assets.xcassets */,
				B7CCF9511B8E7F6B004DE54A /* Info.plist */,
			);
			path = "ChatApp WatchKit App";
			sourceTree = "<group>";
		};
		B7CCF95A1B8E7F6B004DE54A /* ChatApp WatchKit Extension */ = {
			isa = PBXGroup;
			children = (
				B74DF7891BAE2EB900A3998D /* InterfaceControllers */,
				B7CCF95D1B8E7F6B004DE54A /* ExtensionDelegate.swift */,
				B7CCF95F1B8E7F6B004DE54A /* Assets.xcassets */,
				B7CCF9611B8E7F6B004DE54A /* Info.plist */,
				B7431B831BC757D600BD20F2 /* TableRowTypes */,
			);
			path = "ChatApp WatchKit Extension";
			sourceTree = "<group>";
		};
/* End PBXGroup section */

/* Begin PBXNativeTarget section */
		B7CCF9341B8E7F6B004DE54A /* ChatApp */ = {
			isa = PBXNativeTarget;
			buildConfigurationList = B7CCF96C1B8E7F6B004DE54A /* Build configuration list for PBXNativeTarget "ChatApp" */;
			buildPhases = (
				458D5C09B334778ABAE4BC87 /* Check Pods Manifest.lock */,
				B7CCF9311B8E7F6B004DE54A /* Sources */,
				B7CCF9321B8E7F6B004DE54A /* Frameworks */,
				B7CCF9331B8E7F6B004DE54A /* Resources */,
				B7CCF96B1B8E7F6B004DE54A /* Embed Watch Content */,
				540C94FA06BA1A9D399C9AF7 /* Copy Pods Resources */,
			);
			buildRules = (
			);
			dependencies = (
				B7CCF94A1B8E7F6B004DE54A /* PBXTargetDependency */,
			);
			name = ChatApp;
			productName = ChatApp;
			productReference = B7CCF9351B8E7F6B004DE54A /* ChatApp.app */;
			productType = "com.apple.product-type.application";
		};
		B7CCF9461B8E7F6B004DE54A /* ChatApp WatchKit App */ = {
			isa = PBXNativeTarget;
			buildConfigurationList = B7CCF9681B8E7F6B004DE54A /* Build configuration list for PBXNativeTarget "ChatApp WatchKit App" */;
			buildPhases = (
				B7CCF9451B8E7F6B004DE54A /* Resources */,
				B7CCF9671B8E7F6B004DE54A /* Embed App Extensions */,
			);
			buildRules = (
			);
			dependencies = (
				B7CCF9591B8E7F6B004DE54A /* PBXTargetDependency */,
			);
			name = "ChatApp WatchKit App";
			productName = "ChatApp WatchKit App";
			productReference = B7CCF9471B8E7F6B004DE54A /* ChatApp WatchKit App.app */;
			productType = "com.apple.product-type.application.watchapp2";
		};
		B7CCF9551B8E7F6B004DE54A /* ChatApp WatchKit Extension */ = {
			isa = PBXNativeTarget;
			buildConfigurationList = B7CCF9641B8E7F6B004DE54A /* Build configuration list for PBXNativeTarget "ChatApp WatchKit Extension" */;
			buildPhases = (
				E6E9A240D90093C12CE45832 /* Check Pods Manifest.lock */,
				B7CCF9521B8E7F6B004DE54A /* Sources */,
				B7CCF9531B8E7F6B004DE54A /* Frameworks */,
				B7CCF9541B8E7F6B004DE54A /* Resources */,
				1AEFDE0CABD1B2ACF43951AB /* Copy Pods Resources */,
			);
			buildRules = (
			);
			dependencies = (
			);
			name = "ChatApp WatchKit Extension";
			productName = "ChatApp WatchKit Extension";
			productReference = B7CCF9561B8E7F6B004DE54A /* ChatApp WatchKit Extension.appex */;
			productType = "com.apple.product-type.watchkit2-extension";
		};
/* End PBXNativeTarget section */

/* Begin PBXProject section */
		B7CCF92D1B8E7F6B004DE54A /* Project object */ = {
			isa = PBXProject;
			attributes = {
				LastSwiftUpdateCheck = 0700;
				LastUpgradeCheck = 0700;
				ORGANIZATIONNAME = rahulm;
				TargetAttributes = {
					B7CCF9341B8E7F6B004DE54A = {
						CreatedOnToolsVersion = 7.0;
					};
					B7CCF9461B8E7F6B004DE54A = {
						CreatedOnToolsVersion = 7.0;
					};
					B7CCF9551B8E7F6B004DE54A = {
						CreatedOnToolsVersion = 7.0;
						DevelopmentTeam = 7KP2V8DA69;
					};
				};
			};
			buildConfigurationList = B7CCF9301B8E7F6B004DE54A /* Build configuration list for PBXProject "ChatApp" */;
			compatibilityVersion = "Xcode 3.2";
			developmentRegion = English;
			hasScannedForEncodings = 0;
			knownRegions = (
				en,
				Base,
			);
			mainGroup = B7CCF92C1B8E7F6B004DE54A;
			productRefGroup = B7CCF9361B8E7F6B004DE54A /* Products */;
			projectDirPath = "";
			projectRoot = "";
			targets = (
				B7CCF9341B8E7F6B004DE54A /* ChatApp */,
				B7CCF9461B8E7F6B004DE54A /* ChatApp WatchKit App */,
				B7CCF9551B8E7F6B004DE54A /* ChatApp WatchKit Extension */,
			);
		};
/* End PBXProject section */

/* Begin PBXResourcesBuildPhase section */
		B7CCF9331B8E7F6B004DE54A /* Resources */ = {
			isa = PBXResourcesBuildPhase;
			buildActionMask = 2147483647;
			files = (
				B7CCF9431B8E7F6B004DE54A /* LaunchScreen.storyboard in Resources */,
				B7CCF9401B8E7F6B004DE54A /* Assets.xcassets in Resources */,
				B7CCF93E1B8E7F6B004DE54A /* Main.storyboard in Resources */,
				B726FF7A1BB011B50030307D /* Pods-ChatApp.debug.xcconfig in Resources */,
				B726FF7B1BB011B50030307D /* Pods-ChatApp.release.xcconfig in Resources */,
			);
			runOnlyForDeploymentPostprocessing = 0;
		};
		B7CCF9451B8E7F6B004DE54A /* Resources */ = {
			isa = PBXResourcesBuildPhase;
			buildActionMask = 2147483647;
			files = (
				A12834231B92BEE60030F2DF /* Interface.storyboard in Resources */,
				B7CCF9501B8E7F6B004DE54A /* Assets.xcassets in Resources */,
			);
			runOnlyForDeploymentPostprocessing = 0;
		};
		B7CCF9541B8E7F6B004DE54A /* Resources */ = {
			isa = PBXResourcesBuildPhase;
			buildActionMask = 2147483647;
			files = (
				B7CCF9601B8E7F6B004DE54A /* Assets.xcassets in Resources */,
			);
			runOnlyForDeploymentPostprocessing = 0;
		};
/* End PBXResourcesBuildPhase section */

/* Begin PBXShellScriptBuildPhase section */
		1AEFDE0CABD1B2ACF43951AB /* Copy Pods Resources */ = {
			isa = PBXShellScriptBuildPhase;
			buildActionMask = 2147483647;
			files = (
			);
			inputPaths = (
			);
			name = "Copy Pods Resources";
			outputPaths = (
			);
			runOnlyForDeploymentPostprocessing = 0;
			shellPath = /bin/sh;
			shellScript = "\"${SRCROOT}/Pods/Target Support Files/Pods-ChatApp WatchKit Extension/Pods-ChatApp WatchKit Extension-resources.sh\"\n";
			showEnvVarsInLog = 0;
		};
		458D5C09B334778ABAE4BC87 /* Check Pods Manifest.lock */ = {
			isa = PBXShellScriptBuildPhase;
			buildActionMask = 2147483647;
			files = (
			);
			inputPaths = (
			);
			name = "Check Pods Manifest.lock";
			outputPaths = (
			);
			runOnlyForDeploymentPostprocessing = 0;
			shellPath = /bin/sh;
			shellScript = "diff \"${PODS_ROOT}/../Podfile.lock\" \"${PODS_ROOT}/Manifest.lock\" > /dev/null\nif [[ $? != 0 ]] ; then\n    cat << EOM\nerror: The sandbox is not in sync with the Podfile.lock. Run 'pod install' or update your CocoaPods installation.\nEOM\n    exit 1\nfi\n";
			showEnvVarsInLog = 0;
		};
		540C94FA06BA1A9D399C9AF7 /* Copy Pods Resources */ = {
			isa = PBXShellScriptBuildPhase;
			buildActionMask = 2147483647;
			files = (
			);
			inputPaths = (
			);
			name = "Copy Pods Resources";
			outputPaths = (
			);
			runOnlyForDeploymentPostprocessing = 0;
			shellPath = /bin/sh;
			shellScript = "\"${SRCROOT}/Pods/Target Support Files/Pods-ChatApp/Pods-ChatApp-resources.sh\"\n";
			showEnvVarsInLog = 0;
		};
		E6E9A240D90093C12CE45832 /* Check Pods Manifest.lock */ = {
			isa = PBXShellScriptBuildPhase;
			buildActionMask = 2147483647;
			files = (
			);
			inputPaths = (
			);
			name = "Check Pods Manifest.lock";
			outputPaths = (
			);
			runOnlyForDeploymentPostprocessing = 0;
			shellPath = /bin/sh;
			shellScript = "diff \"${PODS_ROOT}/../Podfile.lock\" \"${PODS_ROOT}/Manifest.lock\" > /dev/null\nif [[ $? != 0 ]] ; then\n    cat << EOM\nerror: The sandbox is not in sync with the Podfile.lock. Run 'pod install' or update your CocoaPods installation.\nEOM\n    exit 1\nfi\n";
			showEnvVarsInLog = 0;
		};
/* End PBXShellScriptBuildPhase section */

/* Begin PBXSourcesBuildPhase section */
		B7CCF9311B8E7F6B004DE54A /* Sources */ = {
			isa = PBXSourcesBuildPhase;
			buildActionMask = 2147483647;
			files = (
				A1AC3CB71B9A832000F04EC2 /* FriendsTableViewCell.swift in Sources */,
				A1AC3CB51B9A530C00F04EC2 /* FriendSearchViewController.swift in Sources */,
				B76DED581BB8C103002F53D5 /* Woo.swift in Sources */,
				A1C4A08B1BA4E9B6001DF3E3 /* AddFriendTableViewCell.swift in Sources */,
				A1BA98451BDA2C080090F4DB /* TabBarViewController.swift in Sources */,
				A1C4A0891BA4E5C9001DF3E3 /* AddFriendViewController.swift in Sources */,
				B70FA7E51B96B33E009867E5 /* CredentialStore.swift in Sources */,
				B77C129A1B942CDF00FA33F1 /* User.swift in Sources */,
				A1AC3CB31B9A488C00F04EC2 /* SettingsViewController.swift in Sources */,
				A1B178FE1B914DA800372CB0 /* SignUpViewController.swift in Sources */,
				B73E67E21BA9303500AF8D5F /* UserDefaults.swift in Sources */,
				B7CCF93B1B8E7F6B004DE54A /* LoginViewController.swift in Sources */,
				A181C7B41BD9F86300C48459 /* ConversationsViewController.swift in Sources */,
				B77C129D1B95048A00FA33F1 /* NetworkingManager.swift in Sources */,
				B7CCF9391B8E7F6B004DE54A /* AppDelegate.swift in Sources */,
				B76DED521BB8BDF3002F53D5 /* Conversation.swift in Sources */,
				B76DED551BB8BFC2002F53D5 /* Message.swift in Sources */,
				A181C7B61BD9FDCB00C48459 /* ConversationsTableViewCell.swift in Sources */,
			);
			runOnlyForDeploymentPostprocessing = 0;
		};
		B7CCF9521B8E7F6B004DE54A /* Sources */ = {
			isa = PBXSourcesBuildPhase;
			buildActionMask = 2147483647;
			files = (
				A1A878F81B922CC600AD0941 /* EmotiveSelectInterfaceController.swift in Sources */,
				A1A878F61B91C9EB00AD0941 /* ConversationInterfaceController.swift in Sources */,
				B7CCF95E1B8E7F6B004DE54A /* ExtensionDelegate.swift in Sources */,
				B74DF7871BAE22BF00A3998D /* InterfaceController.swift in Sources */,
				B7431B8B1BC8BDFE00BD20F2 /* WooListTableRow.swift in Sources */,
				A1537E321BBF404600790867 /* ConversationsTableRow.swift in Sources */,
				B726FFA11BB1EFFC0030307D /* UserDefaults.swift in Sources */,
				B76DED531BB8BDF3002F53D5 /* Conversation.swift in Sources */,
				A1B179001B9161E700372CB0 /* FriendsTableRow.swift in Sources */,
				B7431B891BC89F1300BD20F2 /* WooListInterfaceController.swift in Sources */,
				B7FE89171BD86F97005B9401 /* MessagesTableRow.swift in Sources */,
				A1537E301BBF3D8800790867 /* ConversationListInterfaceController.swift in Sources */,
				B726FFA31BB1EFFC0030307D /* CredentialStore.swift in Sources */,
				B76DED591BB8C103002F53D5 /* Woo.swift in Sources */,
				B726FFA21BB1EFFC0030307D /* NetworkingManager.swift in Sources */,
				B7431B871BC8794200BD20F2 /* NewMessageInterfaceController.swift in Sources */,
				B76DED561BB8BFC2002F53D5 /* Message.swift in Sources */,
				B7CCF95C1B8E7F6B004DE54A /* FriendsListInterfaceController.swift in Sources */,
				B726FFA01BB1EFFC0030307D /* User.swift in Sources */,
			);
			runOnlyForDeploymentPostprocessing = 0;
		};
/* End PBXSourcesBuildPhase section */

/* Begin PBXTargetDependency section */
		B7CCF94A1B8E7F6B004DE54A /* PBXTargetDependency */ = {
			isa = PBXTargetDependency;
			target = B7CCF9461B8E7F6B004DE54A /* ChatApp WatchKit App */;
			targetProxy = B7CCF9491B8E7F6B004DE54A /* PBXContainerItemProxy */;
		};
		B7CCF9591B8E7F6B004DE54A /* PBXTargetDependency */ = {
			isa = PBXTargetDependency;
			target = B7CCF9551B8E7F6B004DE54A /* ChatApp WatchKit Extension */;
			targetProxy = B7CCF9581B8E7F6B004DE54A /* PBXContainerItemProxy */;
		};
/* End PBXTargetDependency section */

/* Begin PBXVariantGroup section */
		B7CCF93C1B8E7F6B004DE54A /* Main.storyboard */ = {
			isa = PBXVariantGroup;
			children = (
				B7CCF93D1B8E7F6B004DE54A /* Base */,
			);
			name = Main.storyboard;
			sourceTree = "<group>";
		};
		B7CCF9411B8E7F6B004DE54A /* LaunchScreen.storyboard */ = {
			isa = PBXVariantGroup;
			children = (
				B7CCF9421B8E7F6B004DE54A /* Base */,
			);
			name = LaunchScreen.storyboard;
			sourceTree = "<group>";
		};
/* End PBXVariantGroup section */

/* Begin XCBuildConfiguration section */
		B7CCF9621B8E7F6B004DE54A /* Debug */ = {
			isa = XCBuildConfiguration;
			buildSettings = {
				ALWAYS_SEARCH_USER_PATHS = NO;
				CLANG_CXX_LANGUAGE_STANDARD = "gnu++0x";
				CLANG_CXX_LIBRARY = "libc++";
				CLANG_ENABLE_MODULES = YES;
				CLANG_ENABLE_OBJC_ARC = YES;
				CLANG_WARN_BOOL_CONVERSION = YES;
				CLANG_WARN_CONSTANT_CONVERSION = YES;
				CLANG_WARN_DIRECT_OBJC_ISA_USAGE = YES_ERROR;
				CLANG_WARN_EMPTY_BODY = YES;
				CLANG_WARN_ENUM_CONVERSION = YES;
				CLANG_WARN_INT_CONVERSION = YES;
				CLANG_WARN_OBJC_ROOT_CLASS = YES_ERROR;
				CLANG_WARN_UNREACHABLE_CODE = YES;
				CLANG_WARN__DUPLICATE_METHOD_MATCH = YES;
				"CODE_SIGN_IDENTITY[sdk=iphoneos*]" = "iPhone Developer";
				COPY_PHASE_STRIP = NO;
				DEBUG_INFORMATION_FORMAT = dwarf;
				ENABLE_STRICT_OBJC_MSGSEND = YES;
				ENABLE_TESTABILITY = YES;
				GCC_C_LANGUAGE_STANDARD = gnu99;
				GCC_DYNAMIC_NO_PIC = NO;
				GCC_NO_COMMON_BLOCKS = YES;
				GCC_OPTIMIZATION_LEVEL = 0;
				GCC_PREPROCESSOR_DEFINITIONS = (
					"DEBUG=1",
					"$(inherited)",
				);
				GCC_WARN_64_TO_32_BIT_CONVERSION = YES;
				GCC_WARN_ABOUT_RETURN_TYPE = YES_ERROR;
				GCC_WARN_UNDECLARED_SELECTOR = YES;
				GCC_WARN_UNINITIALIZED_AUTOS = YES_AGGRESSIVE;
				GCC_WARN_UNUSED_FUNCTION = YES;
				GCC_WARN_UNUSED_VARIABLE = YES;
				IPHONEOS_DEPLOYMENT_TARGET = 9.0;
				MTL_ENABLE_DEBUG_INFO = YES;
				ONLY_ACTIVE_ARCH = YES;
				SDKROOT = iphoneos;
				SWIFT_OPTIMIZATION_LEVEL = "-Onone";
			};
			name = Debug;
		};
		B7CCF9631B8E7F6B004DE54A /* Release */ = {
			isa = XCBuildConfiguration;
			buildSettings = {
				ALWAYS_SEARCH_USER_PATHS = NO;
				CLANG_CXX_LANGUAGE_STANDARD = "gnu++0x";
				CLANG_CXX_LIBRARY = "libc++";
				CLANG_ENABLE_MODULES = YES;
				CLANG_ENABLE_OBJC_ARC = YES;
				CLANG_WARN_BOOL_CONVERSION = YES;
				CLANG_WARN_CONSTANT_CONVERSION = YES;
				CLANG_WARN_DIRECT_OBJC_ISA_USAGE = YES_ERROR;
				CLANG_WARN_EMPTY_BODY = YES;
				CLANG_WARN_ENUM_CONVERSION = YES;
				CLANG_WARN_INT_CONVERSION = YES;
				CLANG_WARN_OBJC_ROOT_CLASS = YES_ERROR;
				CLANG_WARN_UNREACHABLE_CODE = YES;
				CLANG_WARN__DUPLICATE_METHOD_MATCH = YES;
				"CODE_SIGN_IDENTITY[sdk=iphoneos*]" = "iPhone Developer";
				COPY_PHASE_STRIP = NO;
				DEBUG_INFORMATION_FORMAT = "dwarf-with-dsym";
				ENABLE_NS_ASSERTIONS = NO;
				ENABLE_STRICT_OBJC_MSGSEND = YES;
				GCC_C_LANGUAGE_STANDARD = gnu99;
				GCC_NO_COMMON_BLOCKS = YES;
				GCC_WARN_64_TO_32_BIT_CONVERSION = YES;
				GCC_WARN_ABOUT_RETURN_TYPE = YES_ERROR;
				GCC_WARN_UNDECLARED_SELECTOR = YES;
				GCC_WARN_UNINITIALIZED_AUTOS = YES_AGGRESSIVE;
				GCC_WARN_UNUSED_FUNCTION = YES;
				GCC_WARN_UNUSED_VARIABLE = YES;
				IPHONEOS_DEPLOYMENT_TARGET = 9.0;
				MTL_ENABLE_DEBUG_INFO = NO;
				SDKROOT = iphoneos;
				VALIDATE_PRODUCT = YES;
			};
			name = Release;
		};
		B7CCF9651B8E7F6B004DE54A /* Debug */ = {
			isa = XCBuildConfiguration;
			baseConfigurationReference = 7808230908BCFDEDC5FFBCAD /* Pods-ChatApp WatchKit Extension.debug.xcconfig */;
			buildSettings = {
				CODE_SIGN_IDENTITY = "iPhone Developer";
				"CODE_SIGN_IDENTITY[sdk=watchos*]" = "iPhone Developer";
				INFOPLIST_FILE = "ChatApp WatchKit Extension/Info.plist";
				LD_RUNPATH_SEARCH_PATHS = "$(inherited) @executable_path/Frameworks @executable_path/../../Frameworks";
				LIBRARY_SEARCH_PATHS = "";
				PRODUCT_BUNDLE_IDENTIFIER = rahulm.ChatApp.watchkitapp.watchkitextension;
				PRODUCT_NAME = "${TARGET_NAME}";
				PROVISIONING_PROFILE = "";
				SDKROOT = watchos;
				SKIP_INSTALL = YES;
				SWIFT_OBJC_BRIDGING_HEADER = "ChatApp-Watch-Extension-Bridging-Header.h";
				TARGETED_DEVICE_FAMILY = 4;
				WATCHOS_DEPLOYMENT_TARGET = 2.0;
			};
			name = Debug;
		};
		B7CCF9661B8E7F6B004DE54A /* Release */ = {
			isa = XCBuildConfiguration;
			baseConfigurationReference = F1F27C84D28A83C57107BEF7 /* Pods-ChatApp WatchKit Extension.release.xcconfig */;
			buildSettings = {
				CODE_SIGN_IDENTITY = "iPhone Developer";
				"CODE_SIGN_IDENTITY[sdk=watchos*]" = "iPhone Developer";
				INFOPLIST_FILE = "ChatApp WatchKit Extension/Info.plist";
				LD_RUNPATH_SEARCH_PATHS = "$(inherited) @executable_path/Frameworks @executable_path/../../Frameworks";
				LIBRARY_SEARCH_PATHS = "";
				PRODUCT_BUNDLE_IDENTIFIER = rahulm.ChatApp.watchkitapp.watchkitextension;
				PRODUCT_NAME = "${TARGET_NAME}";
				PROVISIONING_PROFILE = "";
				SDKROOT = watchos;
				SKIP_INSTALL = YES;
				SWIFT_OBJC_BRIDGING_HEADER = "ChatApp-Watch-Extension-Bridging-Header.h";
				TARGETED_DEVICE_FAMILY = 4;
				WATCHOS_DEPLOYMENT_TARGET = 2.0;
			};
			name = Release;
		};
		B7CCF9691B8E7F6B004DE54A /* Debug */ = {
			isa = XCBuildConfiguration;
			buildSettings = {
				ASSETCATALOG_COMPILER_APPICON_NAME = AppIcon;
				EMBEDDED_CONTENT_CONTAINS_SWIFT = YES;
				IBSC_MODULE = ChatApp_WatchKit_Extension;
				INFOPLIST_FILE = "ChatApp WatchKit App/Info.plist";
				PRODUCT_BUNDLE_IDENTIFIER = rahulm.ChatApp.watchkitapp;
				PRODUCT_NAME = "$(TARGET_NAME)";
				SDKROOT = watchos;
				SKIP_INSTALL = YES;
				TARGETED_DEVICE_FAMILY = 4;
				WATCHOS_DEPLOYMENT_TARGET = 2.0;
			};
			name = Debug;
		};
		B7CCF96A1B8E7F6B004DE54A /* Release */ = {
			isa = XCBuildConfiguration;
			buildSettings = {
				ASSETCATALOG_COMPILER_APPICON_NAME = AppIcon;
				EMBEDDED_CONTENT_CONTAINS_SWIFT = YES;
				IBSC_MODULE = ChatApp_WatchKit_Extension;
				INFOPLIST_FILE = "ChatApp WatchKit App/Info.plist";
				PRODUCT_BUNDLE_IDENTIFIER = rahulm.ChatApp.watchkitapp;
				PRODUCT_NAME = "$(TARGET_NAME)";
				SDKROOT = watchos;
				SKIP_INSTALL = YES;
				TARGETED_DEVICE_FAMILY = 4;
				WATCHOS_DEPLOYMENT_TARGET = 2.0;
			};
			name = Release;
		};
		B7CCF96D1B8E7F6B004DE54A /* Debug */ = {
			isa = XCBuildConfiguration;
			baseConfigurationReference = B726FF781BB011B50030307D /* Pods-ChatApp.debug.xcconfig */;
			buildSettings = {
				ASSETCATALOG_COMPILER_APPICON_NAME = AppIcon;
				CLANG_ENABLE_MODULES = YES;
				FRAMEWORK_SEARCH_PATHS = (
					"$(inherited)",
					"$(PROJECT_DIR)",
				);
				INFOPLIST_FILE = ChatApp/Info.plist;
				LD_RUNPATH_SEARCH_PATHS = "$(inherited) @executable_path/Frameworks";
				PRODUCT_BUNDLE_IDENTIFIER = rahulm.ChatApp;
				PRODUCT_NAME = "$(TARGET_NAME)";
				SWIFT_OBJC_BRIDGING_HEADER = "ChatApp-Bridging-Header.h";
				SWIFT_OPTIMIZATION_LEVEL = "-Onone";
			};
			name = Debug;
		};
		B7CCF96E1B8E7F6B004DE54A /* Release */ = {
			isa = XCBuildConfiguration;
			baseConfigurationReference = B726FF791BB011B50030307D /* Pods-ChatApp.release.xcconfig */;
			buildSettings = {
				ASSETCATALOG_COMPILER_APPICON_NAME = AppIcon;
				CLANG_ENABLE_MODULES = YES;
				FRAMEWORK_SEARCH_PATHS = (
					"$(inherited)",
					"$(PROJECT_DIR)",
				);
				INFOPLIST_FILE = ChatApp/Info.plist;
				LD_RUNPATH_SEARCH_PATHS = "$(inherited) @executable_path/Frameworks";
				PRODUCT_BUNDLE_IDENTIFIER = rahulm.ChatApp;
				PRODUCT_NAME = "$(TARGET_NAME)";
				SWIFT_OBJC_BRIDGING_HEADER = "ChatApp-Bridging-Header.h";
			};
			name = Release;
		};
/* End XCBuildConfiguration section */

/* Begin XCConfigurationList section */
		B7CCF9301B8E7F6B004DE54A /* Build configuration list for PBXProject "ChatApp" */ = {
			isa = XCConfigurationList;
			buildConfigurations = (
				B7CCF9621B8E7F6B004DE54A /* Debug */,
				B7CCF9631B8E7F6B004DE54A /* Release */,
			);
			defaultConfigurationIsVisible = 0;
			defaultConfigurationName = Release;
		};
		B7CCF9641B8E7F6B004DE54A /* Build configuration list for PBXNativeTarget "ChatApp WatchKit Extension" */ = {
			isa = XCConfigurationList;
			buildConfigurations = (
				B7CCF9651B8E7F6B004DE54A /* Debug */,
				B7CCF9661B8E7F6B004DE54A /* Release */,
			);
			defaultConfigurationIsVisible = 0;
			defaultConfigurationName = Release;
		};
		B7CCF9681B8E7F6B004DE54A /* Build configuration list for PBXNativeTarget "ChatApp WatchKit App" */ = {
			isa = XCConfigurationList;
			buildConfigurations = (
				B7CCF9691B8E7F6B004DE54A /* Debug */,
				B7CCF96A1B8E7F6B004DE54A /* Release */,
			);
			defaultConfigurationIsVisible = 0;
			defaultConfigurationName = Release;
		};
		B7CCF96C1B8E7F6B004DE54A /* Build configuration list for PBXNativeTarget "ChatApp" */ = {
			isa = XCConfigurationList;
			buildConfigurations = (
				B7CCF96D1B8E7F6B004DE54A /* Debug */,
				B7CCF96E1B8E7F6B004DE54A /* Release */,
			);
			defaultConfigurationIsVisible = 0;
			defaultConfigurationName = Release;
		};
/* End XCConfigurationList section */
	};
	rootObject = B7CCF92D1B8E7F6B004DE54A /* Project object */;
}
